{
  "originHash" : "e2bc9a25486db2f7c3daa93c7abf2a3035f1d3242958d2405517498ee6b880fc",
  "pins" : [
    {
      "identity" : "mediaremote-adapter",
      "kind" : "remoteSourceControl",
      "location" : "https://github.com/ejbills/mediaremote-adapter.git",
      "state" : {
        "branch" : "master",
        "revision" : "5b2c2ab6dc6bef3aff0abde62962c5420ff3f298"
      }
    }
  ],
  "version" : 3
}
